PODS:
  - Capacitor (5.7.2):
    - CapacitorCordova
  - CapacitorCordova (5.7.2)

DEPENDENCIES:
  - "Capacitor (from `../../node_modules/@capacitor/ios`)"
  - "CapacitorCordova (from `../../node_modules/@capacitor/ios`)"

EXTERNAL SOURCES:
  Capacitor:
    :path: "../../node_modules/@capacitor/ios"
  CapacitorCordova:
    :path: "../../node_modules/@capacitor/ios"

SPEC CHECKSUMS:
  Capacitor: fc7ef6d935eafb0df9eaaf109ca69be16c51a2d2
  CapacitorCordova: 70b13b8fddb6f35d8adcfe06cb5045c07f35f6de

PODFILE CHECKSUM: 8ab55909c5de2b217f9841e5e5b329f5ec901553

COCOAPODS: 1.12.1
